// !$*UTF8*$!
{
	archiveVersion = 1;
	classes = {
	};
	objectVersion = 56;
	objects = {

/* Begin PBXBuildFile section */
		4C427243C60C52002C51F188 /* libPods-LiuFan.a in Frameworks */ = {isa = PBXBuildFile; fileRef = 72862CB74F49D30FEA8D7A4A /* libPods-LiuFan.a */; };
		C286981F29C8039D0085654D /* LiuFan.framework in Frameworks */ = {isa = PBXBuildFile; fileRef = C286981429C8039B0085654D /* LiuFan.framework */; };
		C286982429C8039D0085654D /* LiuFanTests.swift in Sources */ = {isa = PBXBuildFile; fileRef = C286982329C8039D0085654D /* LiuFanTests.swift */; };
		C286982529C8039D0085654D /* LiuFan.h in Headers */ = {isa = PBXBuildFile; fileRef = C286981729C8039B0085654D /* LiuFan.h */; settings = {ATTRIBUTES = (Public, ); }; };
		C2B3330729D689D600E35B43 /* XCTestExtensions.swift in Sources */ = {isa = PBXBuildFile; fileRef = C2B3330629D689D600E35B43 /* XCTestExtensions.swift */; };
		C2B3330929D68BB100E35B43 /* XCTestExtensionsTests.swift in Sources */ = {isa = PBXBuildFile; fileRef = C2B3330829D68BB100E35B43 /* XCTestExtensionsTests.swift */; };
		C2B3331229D69AFF00E35B43 /* LiuFanUITests.swift in Sources */ = {isa = PBXBuildFile; fileRef = C2B3331129D69AFF00E35B43 /* LiuFanUITests.swift */; };
		C2B3331429D69AFF00E35B43 /* LiuFanUITestsLaunchTests.swift in Sources */ = {isa = PBXBuildFile; fileRef = C2B3331329D69AFF00E35B43 /* LiuFanUITestsLaunchTests.swift */; };
		C2E8D13C29CEDAD70008AA4F /* LayoutButton.swift in Sources */ = {isa = PBXBuildFile; fileRef = C2E8D13B29CEDAD70008AA4F /* LayoutButton.swift */; };
/* End PBXBuildFile section */

/* Begin PBXContainerItemProxy section */
		C286982029C8039D0085654D /* PBXContainerItemProxy */ = {
			isa = PBXContainerItemProxy;
			containerPortal = C286980B29C8039B0085654D /* Project object */;
			proxyType = 1;
			remoteGlobalIDString = C286981329C8039B0085654D;
			remoteInfo = LiuFan;
		};
/* End PBXContainerItemProxy section */

/* Begin PBXFileReference section */
		1AC779BD96A5D25F194A2DAF /* Pods-LiuFan-iOS.release.xcconfig */ = {isa = PBXFileReference; includeInIndex = 1; lastKnownFileType = text.xcconfig; name = "Pods-LiuFan-iOS.release.xcconfig"; path = "Target Support Files/Pods-LiuFan-iOS/Pods-LiuFan-iOS.release.xcconfig"; sourceTree = "<group>"; };
		20E68EA4A6A010043BE92FF3 /* Pods-LiuFan.debug.xcconfig */ = {isa = PBXFileReference; includeInIndex = 1; lastKnownFileType = text.xcconfig; name = "Pods-LiuFan.debug.xcconfig"; path = "Target Support Files/Pods-LiuFan/Pods-LiuFan.debug.xcconfig"; sourceTree = "<group>"; };
		4DCB2B5CEFA7AA42FDF0DE9E /* Pods-LiuFan.release.xcconfig */ = {isa = PBXFileReference; includeInIndex = 1; lastKnownFileType = text.xcconfig; name = "Pods-LiuFan.release.xcconfig"; path = "Target Support Files/Pods-LiuFan/Pods-LiuFan.release.xcconfig"; sourceTree = "<group>"; };
		72862CB74F49D30FEA8D7A4A /* libPods-LiuFan.a */ = {isa = PBXFileReference; explicitFileType = archive.ar; includeInIndex = 0; path = "libPods-LiuFan.a"; sourceTree = BUILT_PRODUCTS_DIR; };
		C284A97B29C80F1B008D5745 /* Examples.playground */ = {isa = PBXFileReference; lastKnownFileType = file.playground; path = Examples.playground; sourceTree = "<group>"; xcLanguageSpecificationIdentifier = xcode.lang.swift; };
		C286981429C8039B0085654D /* LiuFan.framework */ = {isa = PBXFileReference; explicitFileType = wrapper.framework; includeInIndex = 0; path = LiuFan.framework; sourceTree = BUILT_PRODUCTS_DIR; };
		C286981729C8039B0085654D /* LiuFan.h */ = {isa = PBXFileReference; lastKnownFileType = sourcecode.c.h; path = LiuFan.h; sourceTree = "<group>"; };
		C286981E29C8039D0085654D /* LiuFanTests.xctest */ = {isa = PBXFileReference; explicitFileType = wrapper.cfbundle; includeInIndex = 0; path = LiuFanTests.xctest; sourceTree = BUILT_PRODUCTS_DIR; };
		C286982329C8039D0085654D /* LiuFanTests.swift */ = {isa = PBXFileReference; lastKnownFileType = sourcecode.swift; path = LiuFanTests.swift; sourceTree = "<group>"; };
		C2B3330629D689D600E35B43 /* XCTestExtensions.swift */ = {isa = PBXFileReference; lastKnownFileType = sourcecode.swift; path = XCTestExtensions.swift; sourceTree = "<group>"; };
		C2B3330829D68BB100E35B43 /* XCTestExtensionsTests.swift */ = {isa = PBXFileReference; lastKnownFileType = sourcecode.swift; path = XCTestExtensionsTests.swift; sourceTree = "<group>"; };
		C2B3330F29D69AFF00E35B43 /* LiuFanUITests.xctest */ = {isa = PBXFileReference; explicitFileType = wrapper.cfbundle; includeInIndex = 0; path = LiuFanUITests.xctest; sourceTree = BUILT_PRODUCTS_DIR; };
		C2B3331129D69AFF00E35B43 /* LiuFanUITests.swift */ = {isa = PBXFileReference; lastKnownFileType = sourcecode.swift; path = LiuFanUITests.swift; sourceTree = "<group>"; };
		C2B3331329D69AFF00E35B43 /* LiuFanUITestsLaunchTests.swift */ = {isa = PBXFileReference; lastKnownFileType = sourcecode.swift; path = LiuFanUITestsLaunchTests.swift; sourceTree = "<group>"; };
		C2E8D13B29CEDAD70008AA4F /* LayoutButton.swift */ = {isa = PBXFileReference; fileEncoding = 4; lastKnownFileType = sourcecode.swift; path = LayoutButton.swift; sourceTree = "<group>"; };
		C953A79BCB6A3468B3E934FB /* Pods-LiuFan-iOS.debug.xcconfig */ = {isa = PBXFileReference; includeInIndex = 1; lastKnownFileType = text.xcconfig; name = "Pods-LiuFan-iOS.debug.xcconfig"; path = "Target Support Files/Pods-LiuFan-iOS/Pods-LiuFan-iOS.debug.xcconfig"; sourceTree = "<group>"; };
/* End PBXFileReference section */

/* Begin PBXFrameworksBuildPhase section */
		C286981129C8039B0085654D /* Frameworks */ = {
			isa = PBXFrameworksBuildPhase;
			buildActionMask = 2147483647;
			files = (
				4C427243C60C52002C51F188 /* libPods-LiuFan.a in Frameworks */,
			);
			runOnlyForDeploymentPostprocessing = 0;
		};
		C286981B29C8039D0085654D /* Frameworks */ = {
			isa = PBXFrameworksBuildPhase;
			buildActionMask = 2147483647;
			files = (
				C286981F29C8039D0085654D /* LiuFan.framework in Frameworks */,
			);
			runOnlyForDeploymentPostprocessing = 0;
		};
		C2B3330C29D69AFF00E35B43 /* Frameworks */ = {
			isa = PBXFrameworksBuildPhase;
			buildActionMask = 2147483647;
			files = (
			);
			runOnlyForDeploymentPostprocessing = 0;
		};
/* End PBXFrameworksBuildPhase section */

/* Begin PBXGroup section */
		2680793EBAA6D8628E0D1C94 /* Frameworks */ = {
			isa = PBXGroup;
			children = (
				72862CB74F49D30FEA8D7A4A /* libPods-LiuFan.a */,
			);
			name = Frameworks;
			sourceTree = "<group>";
		};
		612AE7E17914C25971C0CC00 /* Pods */ = {
			isa = PBXGroup;
			children = (
				C953A79BCB6A3468B3E934FB /* Pods-LiuFan-iOS.debug.xcconfig */,
				1AC779BD96A5D25F194A2DAF /* Pods-LiuFan-iOS.release.xcconfig */,
				20E68EA4A6A010043BE92FF3 /* Pods-LiuFan.debug.xcconfig */,
				4DCB2B5CEFA7AA42FDF0DE9E /* Pods-LiuFan.release.xcconfig */,
			);
			name = Pods;
			path = ../Pods;
			sourceTree = "<group>";
		};
		C286980A29C8039B0085654D = {
			isa = PBXGroup;
			children = (
				C284A97B29C80F1B008D5745 /* Examples.playground */,
				C286981629C8039B0085654D /* LiuFan */,
				C286982229C8039D0085654D /* LiuFanTests */,
				C2B3331029D69AFF00E35B43 /* LiuFanUITests */,
				C286981529C8039B0085654D /* Products */,
				612AE7E17914C25971C0CC00 /* Pods */,
				2680793EBAA6D8628E0D1C94 /* Frameworks */,
			);
			sourceTree = "<group>";
		};
		C286981529C8039B0085654D /* Products */ = {
			isa = PBXGroup;
			children = (
				C286981429C8039B0085654D /* LiuFan.framework */,
				C286981E29C8039D0085654D /* LiuFanTests.xctest */,
				C2B3330F29D69AFF00E35B43 /* LiuFanUITests.xctest */,
			);
			name = Products;
			sourceTree = "<group>";
		};
		C286981629C8039B0085654D /* LiuFan */ = {
			isa = PBXGroup;
			children = (
				C2E8D13A29CEDA970008AA4F /* Sources */,
				C286981729C8039B0085654D /* LiuFan.h */,
			);
			path = LiuFan;
			sourceTree = "<group>";
		};
		C286982229C8039D0085654D /* LiuFanTests */ = {
			isa = PBXGroup;
			children = (
				C286982329C8039D0085654D /* LiuFanTests.swift */,
				C2B3330A29D6926A00E35B43 /* XCTestExtensions */,
			);
			path = LiuFanTests;
			sourceTree = "<group>";
		};
		C2B3330A29D6926A00E35B43 /* XCTestExtensions */ = {
			isa = PBXGroup;
			children = (
				C2B3330629D689D600E35B43 /* XCTestExtensions.swift */,
				C2B3330829D68BB100E35B43 /* XCTestExtensionsTests.swift */,
			);
			path = XCTestExtensions;
			sourceTree = "<group>";
		};
		C2B3331029D69AFF00E35B43 /* LiuFanUITests */ = {
			isa = PBXGroup;
			children = (
				C2B3331129D69AFF00E35B43 /* LiuFanUITests.swift */,
				C2B3331329D69AFF00E35B43 /* LiuFanUITestsLaunchTests.swift */,
			);
			path = LiuFanUITests;
			sourceTree = "<group>";
		};
		C2E8D13A29CEDA970008AA4F /* Sources */ = {
			isa = PBXGroup;
			children = (
				C2E8D13B29CEDAD70008AA4F /* LayoutButton.swift */,
			);
			path = Sources;
			sourceTree = "<group>";
		};
/* End PBXGroup section */

/* Begin PBXHeadersBuildPhase section */
		C286980F29C8039B0085654D /* Headers */ = {
			isa = PBXHeadersBuildPhase;
			buildActionMask = 2147483647;
			files = (
				C286982529C8039D0085654D /* LiuFan.h in Headers */,
			);
			runOnlyForDeploymentPostprocessing = 0;
		};
/* End PBXHeadersBuildPhase section */

/* Begin PBXNativeTarget section */
		C286981329C8039B0085654D /* LiuFan */ = {
			isa = PBXNativeTarget;
			buildConfigurationList = C286982829C8039D0085654D /* Build configuration list for PBXNativeTarget "LiuFan" */;
			buildPhases = (
				6DB3AB2A4F89852FC7481C59 /* [CP] Check Pods Manifest.lock */,
				C286980F29C8039B0085654D /* Headers */,
				C286981029C8039B0085654D /* Sources */,
				C286981129C8039B0085654D /* Frameworks */,
				C286981229C8039B0085654D /* Resources */,
				C26BC99F29C8675B0049FAF5 /* SwiftLint */,
			);
			buildRules = (
			);
			dependencies = (
			);
			name = LiuFan;
			productName = LiuFan;
			productReference = C286981429C8039B0085654D /* LiuFan.framework */;
			productType = "com.apple.product-type.framework";
		};
		C286981D29C8039D0085654D /* LiuFanTests */ = {
			isa = PBXNativeTarget;
			buildConfigurationList = C286982B29C8039D0085654D /* Build configuration list for PBXNativeTarget "LiuFanTests" */;
			buildPhases = (
				C286981A29C8039D0085654D /* Sources */,
				C286981B29C8039D0085654D /* Frameworks */,
				C286981C29C8039D0085654D /* Resources */,
			);
			buildRules = (
			);
			dependencies = (
				C286982129C8039D0085654D /* PBXTargetDependency */,
			);
			name = LiuFanTests;
			productName = LiuFanTests;
			productReference = C286981E29C8039D0085654D /* LiuFanTests.xctest */;
			productType = "com.apple.product-type.bundle.unit-test";
		};
		C2B3330E29D69AFF00E35B43 /* LiuFanUITests */ = {
			isa = PBXNativeTarget;
			buildConfigurationList = C2B3331529D69AFF00E35B43 /* Build configuration list for PBXNativeTarget "LiuFanUITests" */;
			buildPhases = (
				C2B3330B29D69AFF00E35B43 /* Sources */,
				C2B3330C29D69AFF00E35B43 /* Frameworks */,
				C2B3330D29D69AFF00E35B43 /* Resources */,
			);
			buildRules = (
			);
			dependencies = (
			);
			name = LiuFanUITests;
			productName = LiuFanUITests;
			productReference = C2B3330F29D69AFF00E35B43 /* LiuFanUITests.xctest */;
			productType = "com.apple.product-type.bundle.ui-testing";
		};
/* End PBXNativeTarget section */

/* Begin PBXProject section */
		C286980B29C8039B0085654D /* Project object */ = {
			isa = PBXProject;
			attributes = {
				BuildIndependentTargetsInParallel = 1;
				LastSwiftUpdateCheck = 1420;
				LastUpgradeCheck = 1420;
				TargetAttributes = {
					C286981329C8039B0085654D = {
						CreatedOnToolsVersion = 14.2;
					};
					C286981D29C8039D0085654D = {
						CreatedOnToolsVersion = 14.2;
					};
					C2B3330E29D69AFF00E35B43 = {
						CreatedOnToolsVersion = 14.2;
					};
				};
			};
			buildConfigurationList = C286980E29C8039B0085654D /* Build configuration list for PBXProject "LiuFan" */;
			compatibilityVersion = "Xcode 14.0";
			developmentRegion = en;
			hasScannedForEncodings = 0;
			knownRegions = (
				en,
				Base,
			);
			mainGroup = C286980A29C8039B0085654D;
			productRefGroup = C286981529C8039B0085654D /* Products */;
			projectDirPath = "";
			projectRoot = "";
			targets = (
				C286981329C8039B0085654D /* LiuFan */,
				C286981D29C8039D0085654D /* LiuFanTests */,
				C2B3330E29D69AFF00E35B43 /* LiuFanUITests */,
			);
		};
/* End PBXProject section */

/* Begin PBXResourcesBuildPhase section */
		C286981229C8039B0085654D /* Resources */ = {
			isa = PBXResourcesBuildPhase;
			buildActionMask = 2147483647;
			files = (
			);
			runOnlyForDeploymentPostprocessing = 0;
		};
		C286981C29C8039D0085654D /* Resources */ = {
			isa = PBXResourcesBuildPhase;
			buildActionMask = 2147483647;
			files = (
			);
			runOnlyForDeploymentPostprocessing = 0;
		};
		C2B3330D29D69AFF00E35B43 /* Resources */ = {
			isa = PBXResourcesBuildPhase;
			buildActionMask = 2147483647;
			files = (
			);
			runOnlyForDeploymentPostprocessing = 0;
		};
/* End PBXResourcesBuildPhase section */

/* Begin PBXShellScriptBuildPhase section */
		6DB3AB2A4F89852FC7481C59 /* [CP] Check Pods Manifest.lock */ = {
			isa = PBXShellScriptBuildPhase;
			buildActionMask = 2147483647;
			files = (
			);
			inputFileListPaths = (
			);
			inputPaths = (
				"${PODS_PODFILE_DIR_PATH}/Podfile.lock",
				"${PODS_ROOT}/Manifest.lock",
			);
			name = "[CP] Check Pods Manifest.lock";
			outputFileListPaths = (
			);
			outputPaths = (
				"$(DERIVED_FILE_DIR)/Pods-LiuFan-checkManifestLockResult.txt",
			);
			runOnlyForDeploymentPostprocessing = 0;
			shellPath = /bin/sh;
			shellScript = "diff \"${PODS_PODFILE_DIR_PATH}/Podfile.lock\" \"${PODS_ROOT}/Manifest.lock\" > /dev/null\nif [ $? != 0 ] ; then\n    # print error to STDERR\n    echo \"error: The sandbox is not in sync with the Podfile.lock. Run 'pod install' or update your CocoaPods installation.\" >&2\n    exit 1\nfi\n# This output is used by Xcode 'outputs' to avoid re-running this script phase.\necho \"SUCCESS\" > \"${SCRIPT_OUTPUT_FILE_0}\"\n";
			showEnvVarsInLog = 0;
		};
		C26BC99F29C8675B0049FAF5 /* SwiftLint */ = {
			isa = PBXShellScriptBuildPhase;
			buildActionMask = 2147483647;
			files = (
			);
			inputFileListPaths = (
			);
			inputPaths = (
			);
			name = SwiftLint;
			outputFileListPaths = (
			);
			outputPaths = (
			);
			runOnlyForDeploymentPostprocessing = 0;
			shellPath = /bin/sh;
			shellScript = "# SwiftLint 规范\nSWIFT_LINT_PATH=$PODS_ROOT/SwiftLint/swiftlint\nif which $SWIFT_LINT_PATH >/dev/null; then $SWIFT_LINT_PATH\nelse echo \"warning: SwiftLint not installed, download from https://github.com/realm/SwiftLint\"\nfi\n";
		};
/* End PBXShellScriptBuildPhase section */

/* Begin PBXSourcesBuildPhase section */
		C286981029C8039B0085654D /* Sources */ = {
			isa = PBXSourcesBuildPhase;
			buildActionMask = 2147483647;
			files = (
				C2E8D13C29CEDAD70008AA4F /* LayoutButton.swift in Sources */,
			);
			runOnlyForDeploymentPostprocessing = 0;
		};
		C286981A29C8039D0085654D /* Sources */ = {
			isa = PBXSourcesBuildPhase;
			buildActionMask = 2147483647;
			files = (
				C2B3330729D689D600E35B43 /* XCTestExtensions.swift in Sources */,
				C286982429C8039D0085654D /* LiuFanTests.swift in Sources */,
				C2B3330929D68BB100E35B43 /* XCTestExtensionsTests.swift in Sources */,
			);
			runOnlyForDeploymentPostprocessing = 0;
		};
		C2B3330B29D69AFF00E35B43 /* Sources */ = {
			isa = PBXSourcesBuildPhase;
			buildActionMask = 2147483647;
			files = (
				C2B3331229D69AFF00E35B43 /* LiuFanUITests.swift in Sources */,
				C2B3331429D69AFF00E35B43 /* LiuFanUITestsLaunchTests.swift in Sources */,
			);
			runOnlyForDeploymentPostprocessing = 0;
		};
/* End PBXSourcesBuildPhase section */

/* Begin PBXTargetDependency section */
		C286982129C8039D0085654D /* PBXTargetDependency */ = {
			isa = PBXTargetDependency;
			target = C286981329C8039B0085654D /* LiuFan */;
			targetProxy = C286982029C8039D0085654D /* PBXContainerItemProxy */;
		};
/* End PBXTargetDependency section */

/* Begin XCBuildConfiguration section */
		C286982629C8039D0085654D /* Debug */ = {
			isa = XCBuildConfiguration;
			buildSettings = {
				ALWAYS_SEARCH_USER_PATHS = NO;
				CLANG_ANALYZER_NONNULL = YES;
				CLANG_ANALYZER_NUMBER_OBJECT_CONVERSION = YES_AGGRESSIVE;
				CLANG_CXX_LANGUAGE_STANDARD = "gnu++20";
				CLANG_ENABLE_MODULES = YES;
				CLANG_ENABLE_OBJC_ARC = YES;
				CLANG_ENABLE_OBJC_WEAK = YES;
				CLANG_WARN_BLOCK_CAPTURE_AUTORELEASING = YES;
				CLANG_WARN_BOOL_CONVERSION = YES;
				CLANG_WARN_COMMA = YES;
				CLANG_WARN_CONSTANT_CONVERSION = YES;
				CLANG_WARN_DEPRECATED_OBJC_IMPLEMENTATIONS = YES;
				CLANG_WARN_DIRECT_OBJC_ISA_USAGE = YES_ERROR;
				CLANG_WARN_DOCUMENTATION_COMMENTS = YES;
				CLANG_WARN_EMPTY_BODY = YES;
				CLANG_WARN_ENUM_CONVERSION = YES;
				CLANG_WARN_INFINITE_RECURSION = YES;
				CLANG_WARN_INT_CONVERSION = YES;
				CLANG_WARN_NON_LITERAL_NULL_CONVERSION = YES;
				CLANG_WARN_OBJC_IMPLICIT_RETAIN_SELF = YES;
				CLANG_WARN_OBJC_LITERAL_CONVERSION = YES;
				CLANG_WARN_OBJC_ROOT_CLASS = YES_ERROR;
				CLANG_WARN_QUOTED_INCLUDE_IN_FRAMEWORK_HEADER = YES;
				CLANG_WARN_RANGE_LOOP_ANALYSIS = YES;
				CLANG_WARN_STRICT_PROTOTYPES = YES;
				CLANG_WARN_SUSPICIOUS_MOVE = YES;
				CLANG_WARN_UNGUARDED_AVAILABILITY = YES_AGGRESSIVE;
				CLANG_WARN_UNREACHABLE_CODE = YES;
				CLANG_WARN__DUPLICATE_METHOD_MATCH = YES;
				COPY_PHASE_STRIP = NO;
				CURRENT_PROJECT_VERSION = 1;
				DEBUG_INFORMATION_FORMAT = dwarf;
				ENABLE_STRICT_OBJC_MSGSEND = YES;
				ENABLE_TESTABILITY = YES;
				GCC_C_LANGUAGE_STANDARD = gnu11;
				GCC_DYNAMIC_NO_PIC = NO;
				GCC_NO_COMMON_BLOCKS = YES;
				GCC_OPTIMIZATION_LEVEL = 0;
				GCC_PREPROCESSOR_DEFINITIONS = (
					"DEBUG=1",
					"$(inherited)",
				);
				GCC_WARN_64_TO_32_BIT_CONVERSION = YES;
				GCC_WARN_ABOUT_RETURN_TYPE = YES_ERROR;
				GCC_WARN_UNDECLARED_SELECTOR = YES;
				GCC_WARN_UNINITIALIZED_AUTOS = YES_AGGRESSIVE;
				GCC_WARN_UNUSED_FUNCTION = YES;
				GCC_WARN_UNUSED_VARIABLE = YES;
				IPHONEOS_DEPLOYMENT_TARGET = 16.2;
				MTL_ENABLE_DEBUG_INFO = INCLUDE_SOURCE;
				MTL_FAST_MATH = YES;
				ONLY_ACTIVE_ARCH = YES;
				SDKROOT = iphoneos;
				SWIFT_ACTIVE_COMPILATION_CONDITIONS = DEBUG;
				SWIFT_OPTIMIZATION_LEVEL = "-Onone";
				VERSIONING_SYSTEM = "apple-generic";
				VERSION_INFO_PREFIX = "";
			};
			name = Debug;
		};
		C286982729C8039D0085654D /* Release */ = {
			isa = XCBuildConfiguration;
			buildSettings = {
				ALWAYS_SEARCH_USER_PATHS = NO;
				CLANG_ANALYZER_NONNULL = YES;
				CLANG_ANALYZER_NUMBER_OBJECT_CONVERSION = YES_AGGRESSIVE;
				CLANG_CXX_LANGUAGE_STANDARD = "gnu++20";
				CLANG_ENABLE_MODULES = YES;
				CLANG_ENABLE_OBJC_ARC = YES;
				CLANG_ENABLE_OBJC_WEAK = YES;
				CLANG_WARN_BLOCK_CAPTURE_AUTORELEASING = YES;
				CLANG_WARN_BOOL_CONVERSION = YES;
				CLANG_WARN_COMMA = YES;
				CLANG_WARN_CONSTANT_CONVERSION = YES;
				CLANG_WARN_DEPRECATED_OBJC_IMPLEMENTATIONS = YES;
				CLANG_WARN_DIRECT_OBJC_ISA_USAGE = YES_ERROR;
				CLANG_WARN_DOCUMENTATION_COMMENTS = YES;
				CLANG_WARN_EMPTY_BODY = YES;
				CLANG_WARN_ENUM_CONVERSION = YES;
				CLANG_WARN_INFINITE_RECURSION = YES;
				CLANG_WARN_INT_CONVERSION = YES;
				CLANG_WARN_NON_LITERAL_NULL_CONVERSION = YES;
				CLANG_WARN_OBJC_IMPLICIT_RETAIN_SELF = YES;
				CLANG_WARN_OBJC_LITERAL_CONVERSION = YES;
				CLANG_WARN_OBJC_ROOT_CLASS = YES_ERROR;
				CLANG_WARN_QUOTED_INCLUDE_IN_FRAMEWORK_HEADER = YES;
				CLANG_WARN_RANGE_LOOP_ANALYSIS = YES;
				CLANG_WARN_STRICT_PROTOTYPES = YES;
				CLANG_WARN_SUSPICIOUS_MOVE = YES;
				CLANG_WARN_UNGUARDED_AVAILABILITY = YES_AGGRESSIVE;
				CLANG_WARN_UNREACHABLE_CODE = YES;
				CLANG_WARN__DUPLICATE_METHOD_MATCH = YES;
				COPY_PHASE_STRIP = NO;
				CURRENT_PROJECT_VERSION = 1;
				DEBUG_INFORMATION_FORMAT = "dwarf-with-dsym";
				ENABLE_NS_ASSERTIONS = NO;
				ENABLE_STRICT_OBJC_MSGSEND = YES;
				GCC_C_LANGUAGE_STANDARD = gnu11;
				GCC_NO_COMMON_BLOCKS = YES;
				GCC_WARN_64_TO_32_BIT_CONVERSION = YES;
				GCC_WARN_ABOUT_RETURN_TYPE = YES_ERROR;
				GCC_WARN_UNDECLARED_SELECTOR = YES;
				GCC_WARN_UNINITIALIZED_AUTOS = YES_AGGRESSIVE;
				GCC_WARN_UNUSED_FUNCTION = YES;
				GCC_WARN_UNUSED_VARIABLE = YES;
				IPHONEOS_DEPLOYMENT_TARGET = 16.2;
				MTL_ENABLE_DEBUG_INFO = NO;
				MTL_FAST_MATH = YES;
				SDKROOT = iphoneos;
				SWIFT_COMPILATION_MODE = wholemodule;
				SWIFT_OPTIMIZATION_LEVEL = "-O";
				VALIDATE_PRODUCT = YES;
				VERSIONING_SYSTEM = "apple-generic";
				VERSION_INFO_PREFIX = "";
			};
			name = Release;
		};
		C286982929C8039D0085654D /* Debug */ = {
			isa = XCBuildConfiguration;
			baseConfigurationReference = 20E68EA4A6A010043BE92FF3 /* Pods-LiuFan.debug.xcconfig */;
			buildSettings = {
				CODE_SIGN_STYLE = Automatic;
				CURRENT_PROJECT_VERSION = 1;
				DEFINES_MODULE = YES;
				DYLIB_COMPATIBILITY_VERSION = 1;
				DYLIB_CURRENT_VERSION = 1;
				DYLIB_INSTALL_NAME_BASE = "@rpath";
				GENERATE_INFOPLIST_FILE = YES;
				INFOPLIST_KEY_NSHumanReadableCopyright = "";
				INSTALL_PATH = "$(LOCAL_LIBRARY_DIR)/Frameworks";
				IPHONEOS_DEPLOYMENT_TARGET = 11.0;
				LD_RUNPATH_SEARCH_PATHS = (
					"$(inherited)",
					"@executable_path/Frameworks",
					"@loader_path/Frameworks",
				);
				MARKETING_VERSION = 1.0;
				PRODUCT_BUNDLE_IDENTIFIER = com.github.LiuFan;
				PRODUCT_NAME = "$(TARGET_NAME:c99extidentifier)";
				SKIP_INSTALL = YES;
				SWIFT_EMIT_LOC_STRINGS = YES;
				SWIFT_VERSION = 5.0;
				TARGETED_DEVICE_FAMILY = "1,2";
			};
			name = Debug;
		};
		C286982A29C8039D0085654D /* Release */ = {
			isa = XCBuildConfiguration;
			baseConfigurationReference = 4DCB2B5CEFA7AA42FDF0DE9E /* Pods-LiuFan.release.xcconfig */;
			buildSettings = {
				CODE_SIGN_STYLE = Automatic;
				CURRENT_PROJECT_VERSION = 1;
				DEFINES_MODULE = YES;
				DYLIB_COMPATIBILITY_VERSION = 1;
				DYLIB_CURRENT_VERSION = 1;
				DYLIB_INSTALL_NAME_BASE = "@rpath";
				GENERATE_INFOPLIST_FILE = YES;
				INFOPLIST_KEY_NSHumanReadableCopyright = "";
				INSTALL_PATH = "$(LOCAL_LIBRARY_DIR)/Frameworks";
				IPHONEOS_DEPLOYMENT_TARGET = 11.0;
				LD_RUNPATH_SEARCH_PATHS = (
					"$(inherited)",
					"@executable_path/Frameworks",
					"@loader_path/Frameworks",
				);
				MARKETING_VERSION = 1.0;
				PRODUCT_BUNDLE_IDENTIFIER = com.github.LiuFan;
				PRODUCT_NAME = "$(TARGET_NAME:c99extidentifier)";
				SKIP_INSTALL = YES;
				SWIFT_EMIT_LOC_STRINGS = YES;
				SWIFT_VERSION = 5.0;
				TARGETED_DEVICE_FAMILY = "1,2";
			};
			name = Release;
		};
		C286982C29C8039D0085654D /* Debug */ = {
			isa = XCBuildConfiguration;
			buildSettings = {
				ALWAYS_EMBED_SWIFT_STANDARD_LIBRARIES = YES;
				CODE_SIGN_STYLE = Automatic;
				CURRENT_PROJECT_VERSION = 1;
				GENERATE_INFOPLIST_FILE = YES;
				IPHONEOS_DEPLOYMENT_TARGET = 11.0;
				MARKETING_VERSION = 1.0;
				PRODUCT_BUNDLE_IDENTIFIER = com.github.LiuFanTests;
				PRODUCT_NAME = "$(TARGET_NAME)";
				SWIFT_EMIT_LOC_STRINGS = NO;
				SWIFT_VERSION = 5.0;
				TARGETED_DEVICE_FAMILY = "1,2";
			};
			name = Debug;
		};
		C286982D29C8039D0085654D /* Release */ = {
			isa = XCBuildConfiguration;
			buildSettings = {
				ALWAYS_EMBED_SWIFT_STANDARD_LIBRARIES = YES;
				CODE_SIGN_STYLE = Automatic;
				CURRENT_PROJECT_VERSION = 1;
				GENERATE_INFOPLIST_FILE = YES;
				IPHONEOS_DEPLOYMENT_TARGET = 11.0;
				MARKETING_VERSION = 1.0;
				PRODUCT_BUNDLE_IDENTIFIER = com.github.LiuFanTests;
				PRODUCT_NAME = "$(TARGET_NAME)";
				SWIFT_EMIT_LOC_STRINGS = NO;
				SWIFT_VERSION = 5.0;
				TARGETED_DEVICE_FAMILY = "1,2";
			};
			name = Release;
		};
		C2B3331629D69AFF00E35B43 /* Debug */ = {
			isa = XCBuildConfiguration;
			buildSettings = {
				CODE_SIGN_STYLE = Automatic;
				CURRENT_PROJECT_VERSION = 1;
				GENERATE_INFOPLIST_FILE = YES;
				IPHONEOS_DEPLOYMENT_TARGET = 11.0;
				MARKETING_VERSION = 1.0;
				PRODUCT_BUNDLE_IDENTIFIER = com.github.LiuFanUITests;
				PRODUCT_NAME = "$(TARGET_NAME)";
				SWIFT_EMIT_LOC_STRINGS = NO;
				SWIFT_VERSION = 5.0;
				TARGETED_DEVICE_FAMILY = "1,2";
			};
			name = Debug;
		};
		C2B3331729D69AFF00E35B43 /* Release */ = {
			isa = XCBuildConfiguration;
			buildSettings = {
				CODE_SIGN_STYLE = Automatic;
				CURRENT_PROJECT_VERSION = 1;
				GENERATE_INFOPLIST_FILE = YES;
				IPHONEOS_DEPLOYMENT_TARGET = 11.0;
				MARKETING_VERSION = 1.0;
				PRODUCT_BUNDLE_IDENTIFIER = com.github.LiuFanUITests;
				PRODUCT_NAME = "$(TARGET_NAME)";
				SWIFT_EMIT_LOC_STRINGS = NO;
				SWIFT_VERSION = 5.0;
				TARGETED_DEVICE_FAMILY = "1,2";
			};
			name = Release;
		};
/* End XCBuildConfiguration section */

/* Begin XCConfigurationList section */
		C286980E29C8039B0085654D /* Build configuration list for PBXProject "LiuFan" */ = {
			isa = XCConfigurationList;
			buildConfigurations = (
				C286982629C8039D0085654D /* Debug */,
				C286982729C8039D0085654D /* Release */,
			);
			defaultConfigurationIsVisible = 0;
			defaultConfigurationName = Release;
		};
		C286982829C8039D0085654D /* Build configuration list for PBXNativeTarget "LiuFan" */ = {
			isa = XCConfigurationList;
			buildConfigurations = (
				C286982929C8039D0085654D /* Debug */,
				C286982A29C8039D0085654D /* Release */,
			);
			defaultConfigurationIsVisible = 0;
			defaultConfigurationName = Release;
		};
		C286982B29C8039D0085654D /* Build configuration list for PBXNativeTarget "LiuFanTests" */ = {
			isa = XCConfigurationList;
			buildConfigurations = (
				C286982C29C8039D0085654D /* Debug */,
				C286982D29C8039D0085654D /* Release */,
			);
			defaultConfigurationIsVisible = 0;
			defaultConfigurationName = Release;
		};
		C2B3331529D69AFF00E35B43 /* Build configuration list for PBXNativeTarget "LiuFanUITests" */ = {
			isa = XCConfigurationList;
			buildConfigurations = (
				C2B3331629D69AFF00E35B43 /* Debug */,
				C2B3331729D69AFF00E35B43 /* Release */,
			);
			defaultConfigurationIsVisible = 0;
			defaultConfigurationName = Release;
		};
/* End XCConfigurationList section */
	};
	rootObject = C286980B29C8039B0085654D /* Project object */;
}
